{
  "name": "captain-examples",
  "version": "1.0.0",
  "lockfileVersion": 2,
  "requires": true,
  "packages": {
    "": {
      "name": "captain-examples",
      "version": "1.0.0",
      "license": "ISC",
      "devDependencies": {
        "@playwright/test": "file:../../rwx/playwright/packages/playwright-test"
      }
    },
    "../../rwx/playwright/packages/playwright-test": {
      "version": "1.30.0-next",
      "dev": true,
      "license": "Apache-2.0",
      "dependencies": {
        "@rwx-research/abq": "0.1.0-alpha.11",
        "@types/node": "*",
        "playwright-core": "1.30.0-next"
      },
      "bin": {
        "playwright": "cli.js"
      },
      "engines": {
        "node": ">=14"
      }
    },
    "node_modules/@playwright/test": {
      "resolved": "../../rwx/playwright/packages/playwright-test",
      "link": true
    }
  },
  "dependencies": {
    "@playwright/test": {
      "version": "file:../../rwx/playwright/packages/playwright-test",
      "requires": {
        "@rwx-research/abq": "0.1.0-alpha.11",
        "@types/node": "*",
        "playwright-core": "1.30.0-next"
      }
    }
  }
}
